
Microsoft Visual Studio Solution File, Format Version 12.00
# Visual Studio Version 16
VisualStudioVersion = 16.0.30611.23
MinimumVisualStudioVersion = 10.0.40219.1
Project("{FAE04EC0-301F-11D3-BF4B-00C04F79EFBC}") = "FNB billing", "FNB billing\FNB billing.csproj", "{DB13589B-880C-49CC-91EA-D0577C107EB2}"
EndProject
Global
	GlobalSection(SolutionConfigurationPlatforms) = preSolution
		Debug|Any CPU = Debug|Any CPU
		Release|Any CPU = Release|Any CPU
	EndGlobalSection
	GlobalSection(ProjectConfigurationPlatforms) = postSolution
		{DB13589B-880C-49CC-91EA-D0577C107EB2}.Debug|Any CPU.ActiveCfg = Debug|Any CPU
		{DB13589B-880C-49CC-91EA-D0577C107EB2}.Debug|Any CPU.Build.0 = Debug|Any CPU
		{DB13589B-880C-49CC-91EA-D0577C107EB2}.Release|Any CPU.ActiveCfg = Release|Any CPU
		{DB13589B-880C-49CC-91EA-D0577C107EB2}.Release|Any CPU.Build.0 = Release|Any CPU
	EndGlobalSection
	GlobalSection(SolutionProperties) = preSolution
		HideSolutionNode = FALSE
	EndGlobalSection
	GlobalSection(ExtensibilityGlobals) = postSolution
		SolutionGuid = {B5A488BC-DD63-45AC-A7FB-E806C4D9720C}
	EndGlobalSection
EndGlobal
